
Microsoft Visual Studio Solution File, Format Version 12.00
# Visual Studio Version 16
VisualStudioVersion = 16.0.30907.101
MinimumVisualStudioVersion = 10.0.40219.1
Project("{FAE04EC0-301F-11D3-BF4B-00C04F79EFBC}") = "Grupo2", "Grupo2.csproj", "{FF065526-C9D7-4D93-A576-908014C0C74C}"
EndProject
Global
	GlobalSection(SolutionConfigurationPlatforms) = preSolution
		Debug|Any CPU = Debug|Any CPU
		Release|Any CPU = Release|Any CPU
	EndGlobalSection
	GlobalSection(ProjectConfigurationPlatforms) = postSolution
		{FF065526-C9D7-4D93-A576-908014C0C74C}.Debug|Any CPU.ActiveCfg = Debug|Any CPU
		{FF065526-C9D7-4D93-A576-908014C0C74C}.Debug|Any CPU.Build.0 = Debug|Any CPU
		{FF065526-C9D7-4D93-A576-908014C0C74C}.Release|Any CPU.ActiveCfg = Release|Any CPU
		{FF065526-C9D7-4D93-A576-908014C0C74C}.Release|Any CPU.Build.0 = Release|Any CPU
	EndGlobalSection
	GlobalSection(SolutionProperties) = preSolution
		HideSolutionNode = FALSE
	EndGlobalSection
	GlobalSection(ExtensibilityGlobals) = postSolution
		SolutionGuid = {D009C907-7C7E-4E12-A76A-A4F6A20FA7DD}
	EndGlobalSection
EndGlobal
